
Microsoft Visual Studio Solution File, Format Version 12.00
# Visual Studio Version 16
VisualStudioVersion = 16.0.32106.194
MinimumVisualStudioVersion = 10.0.40219.1
Project("{9A19103F-16F7-4668-BE54-9A1E7A4F7556}") = "GrundlagenCSharp", "GrundlagenCSharp\GrundlagenCSharp.csproj", "{0D3E306F-A039-4BB6-BF3F-81200A0BF379}"
EndProject
Project("{9A19103F-16F7-4668-BE54-9A1E7A4F7556}") = "SchleifenÜbungenA1", "SchleifenÜbungenA1\SchleifenÜbungenA1.csproj", "{738B23A0-9121-41DC-8959-4309CD8FAB75}"
EndProject
Project("{9A19103F-16F7-4668-BE54-9A1E7A4F7556}") = "SchleifenÜbungenA2", "SchleifenÜbungenA2\SchleifenÜbungenA2.csproj", "{5630B435-F48E-4DEE-9E6F-A939D96E51B9}"
EndProject
Project("{9A19103F-16F7-4668-BE54-9A1E7A4F7556}") = "SchleifenÜbung3", "SchleifenÜbung3\SchleifenÜbung3.csproj", "{2064EF68-D5AB-47C6-820F-E96B9AB8154C}"
EndProject
Project("{FAE04EC0-301F-11D3-BF4B-00C04F79EFBC}") = "SchleifenÜbungenA4", "SchleifenÜbungenA4\SchleifenÜbungenA4.csproj", "{3B2CA830-5067-4A6E-93A6-0943676C8948}"
EndProject
Global
	GlobalSection(SolutionConfigurationPlatforms) = preSolution
		Debug|Any CPU = Debug|Any CPU
		Release|Any CPU = Release|Any CPU
	EndGlobalSection
	GlobalSection(ProjectConfigurationPlatforms) = postSolution
		{0D3E306F-A039-4BB6-BF3F-81200A0BF379}.Debug|Any CPU.ActiveCfg = Debug|Any CPU
		{0D3E306F-A039-4BB6-BF3F-81200A0BF379}.Debug|Any CPU.Build.0 = Debug|Any CPU
		{0D3E306F-A039-4BB6-BF3F-81200A0BF379}.Release|Any CPU.ActiveCfg = Release|Any CPU
		{0D3E306F-A039-4BB6-BF3F-81200A0BF379}.Release|Any CPU.Build.0 = Release|Any CPU
		{738B23A0-9121-41DC-8959-4309CD8FAB75}.Debug|Any CPU.ActiveCfg = Debug|Any CPU
		{738B23A0-9121-41DC-8959-4309CD8FAB75}.Debug|Any CPU.Build.0 = Debug|Any CPU
		{738B23A0-9121-41DC-8959-4309CD8FAB75}.Release|Any CPU.ActiveCfg = Release|Any CPU
		{738B23A0-9121-41DC-8959-4309CD8FAB75}.Release|Any CPU.Build.0 = Release|Any CPU
		{5630B435-F48E-4DEE-9E6F-A939D96E51B9}.Debug|Any CPU.ActiveCfg = Debug|Any CPU
		{5630B435-F48E-4DEE-9E6F-A939D96E51B9}.Debug|Any CPU.Build.0 = Debug|Any CPU
		{5630B435-F48E-4DEE-9E6F-A939D96E51B9}.Release|Any CPU.ActiveCfg = Release|Any CPU
		{5630B435-F48E-4DEE-9E6F-A939D96E51B9}.Release|Any CPU.Build.0 = Release|Any CPU
		{2064EF68-D5AB-47C6-820F-E96B9AB8154C}.Debug|Any CPU.ActiveCfg = Debug|Any CPU
		{2064EF68-D5AB-47C6-820F-E96B9AB8154C}.Debug|Any CPU.Build.0 = Debug|Any CPU
		{2064EF68-D5AB-47C6-820F-E96B9AB8154C}.Release|Any CPU.ActiveCfg = Release|Any CPU
		{2064EF68-D5AB-47C6-820F-E96B9AB8154C}.Release|Any CPU.Build.0 = Release|Any CPU
		{3B2CA830-5067-4A6E-93A6-0943676C8948}.Debug|Any CPU.ActiveCfg = Debug|Any CPU
		{3B2CA830-5067-4A6E-93A6-0943676C8948}.Debug|Any CPU.Build.0 = Debug|Any CPU
		{3B2CA830-5067-4A6E-93A6-0943676C8948}.Release|Any CPU.ActiveCfg = Release|Any CPU
		{3B2CA830-5067-4A6E-93A6-0943676C8948}.Release|Any CPU.Build.0 = Release|Any CPU
	EndGlobalSection
	GlobalSection(SolutionProperties) = preSolution
		HideSolutionNode = FALSE
	EndGlobalSection
	GlobalSection(ExtensibilityGlobals) = postSolution
		SolutionGuid = {EE412FC4-9658-4356-906F-D7CB3334B8F3}
	EndGlobalSection
EndGlobal
